Microsoft Visual Studio Solution File, Format Version 12.00
# Visual Studio Version 16
VisualStudioVersion = 16.0.30104.148
MinimumVisualStudioVersion = 10.0.40219.1
Project("{9A19103F-16F7-4668-BE54-9A1E7A4F7556}") = "BraintreeSample.APIHelper", "BraintreeSample.APIHelper\BraintreeSample.APIHelper.csproj", "{65DFAC03-FD2E-4239-B609-17E132AB1904}"
EndProject
Project("{9A19103F-16F7-4668-BE54-9A1E7A4F7556}") = "BraintreeSample.API", "BraintreeSample.API\BraintreeSample.API.csproj", "{60F84528-11FC-432F-934E-73D04B0F98AB}"
EndProject
Global
	GlobalSection(SolutionConfigurationPlatforms) = preSolution
		Debug|Any CPU = Debug|Any CPU
		Release|Any CPU = Release|Any CPU
	EndGlobalSection
	GlobalSection(ProjectConfigurationPlatforms) = postSolution
		{65DFAC03-FD2E-4239-B609-17E132AB1904}.Debug|Any CPU.ActiveCfg = Debug|Any CPU
		{65DFAC03-FD2E-4239-B609-17E132AB1904}.Debug|Any CPU.Build.0 = Debug|Any CPU
		{65DFAC03-FD2E-4239-B609-17E132AB1904}.Release|Any CPU.ActiveCfg = Release|Any CPU
		{65DFAC03-FD2E-4239-B609-17E132AB1904}.Release|Any CPU.Build.0 = Release|Any CPU
		{60F84528-11FC-432F-934E-73D04B0F98AB}.Debug|Any CPU.ActiveCfg = Debug|Any CPU
		{60F84528-11FC-432F-934E-73D04B0F98AB}.Debug|Any CPU.Build.0 = Debug|Any CPU
		{60F84528-11FC-432F-934E-73D04B0F98AB}.Release|Any CPU.ActiveCfg = Release|Any CPU
		{60F84528-11FC-432F-934E-73D04B0F98AB}.Release|Any CPU.Build.0 = Release|Any CPU
	EndGlobalSection
	GlobalSection(SolutionProperties) = preSolution
		HideSolutionNode = FALSE
	EndGlobalSection
	GlobalSection(ExtensibilityGlobals) = postSolution
		SolutionGuid = {B7EE5479-C31F-4997-9232-6FEB3C30096B}
	EndGlobalSection
EndGlobal
